{
  "version": "5",
  "specifiers": {
    "jsr:@musodojo/music-theory-data@^20.2.0": "20.2.0"
  },
  "jsr": {
    "@musodojo/music-theory-data@20.2.0": {
      "integrity": "5805794c382088205b475c3879f564ff450c14a9eb28b8b82ef319633565e11b"
    }
  },
  "workspace": {
    "dependencies": [
      "jsr:@musodojo/music-theory-data@^20.2.0"
    ]
  }
}
